<Solution>
  <Project Path="Books_List/Books_List.csproj" Id="6bdad4ac-1287-47a5-8f88-f4963f5528fc" />
  <Project Path="HW1/HW1.csproj" />
  <Project Path="HW2/HW2.csproj" />
  <Project Path="HW3/HW3.csproj" Id="d7ab9f50-81a4-4069-a570-9587fa571458" />
  <Project Path="HW4/HW4.csproj" Id="c614f6e1-c0f3-467b-b953-bb4aa710c8f6" />
  <Project Path="Practice_1/Practice_1.csproj" />
  <Project Path="Practice_2/Practice_2.csproj" Id="8ffc2928-d32f-4cd5-9ca5-df33dd3ef90d" />
  <Project Path="Practice_3/Practice_3.csproj" Id="5c74a29a-8b1f-4e9f-a33a-bdcb1d6751f1" />
  <Project Path="Practice_4/Practice_4.csproj" Id="48e432e2-1594-4eb8-adee-e27ed107c19b" />
  <Project Path="Practice_5/Practice_5.csproj" Id="9870d8ad-dda5-4f6e-ac66-0d99336e4087" />
</Solution>
